{
  "originHash" : "a910582474dbe5b525bea5faf3436f2e67b78493f5739eed518390419e3eff52",
  "pins" : [
    {
      "identity" : "kingfisher",
      "kind" : "remoteSourceControl",
      "location" : "https://github.com/onevcat/Kingfisher.git",
      "state" : {
        "revision" : "2015fda791daa72c8058619545a593bf8c1dd59f",
        "version" : "8.5.0"
      }
    },
    {
      "identity" : "unifiedblurhash",
      "kind" : "remoteSourceControl",
      "location" : "https://github.com/iankoex/UnifiedBlurHash",
      "state" : {
        "revision" : "675d79835d6338e3fd4a314ef3220ae41f7eb6d4",
        "version" : "1.2.0"
      }
    }
  ],
  "version" : 3
}
